
Microsoft Visual Studio Solution File, Format Version 12.00
# Visual Studio 15
VisualStudioVersion = 15.0.28307.902
MinimumVisualStudioVersion = 10.0.40219.1
Project("{888888A0-9F3D-457C-B088-3A5042F75D52}") = "NeuralNet", "NeuralNet\NeuralNet.pyproj", "{65488697-6D42-4BFE-970F-1630BBC259CF}"
EndProject
Global
	GlobalSection(SolutionConfigurationPlatforms) = preSolution
		Debug|Any CPU = Debug|Any CPU
		Release|Any CPU = Release|Any CPU
	EndGlobalSection
	GlobalSection(ProjectConfigurationPlatforms) = postSolution
		{65488697-6D42-4BFE-970F-1630BBC259CF}.Debug|Any CPU.ActiveCfg = Debug|Any CPU
		{65488697-6D42-4BFE-970F-1630BBC259CF}.Release|Any CPU.ActiveCfg = Release|Any CPU
	EndGlobalSection
	GlobalSection(SolutionProperties) = preSolution
		HideSolutionNode = FALSE
	EndGlobalSection
	GlobalSection(ExtensibilityGlobals) = postSolution
		SolutionGuid = {3FCF1658-8DCC-4E55-9FC0-E7CC2BCA83C3}
	EndGlobalSection
EndGlobal
